PODS:
  - Flutter (1.0.0)
  - native_http (0.0.1):
    - Flutter

DEPENDENCIES:
  - Flutter (from `Flutter`)
  - native_http (from `.symlinks/plugins/native_http/ios`)

EXTERNAL SOURCES:
  Flutter:
    :path: Flutter
  native_http:
    :path: ".symlinks/plugins/native_http/ios"

SPEC CHECKSUMS:
  Flutter: 0e3d915762c693b495b44d77113d4970485de6ec
  native_http: 282620186cb19bb9e372b6933a584e166e2f5ea5

PODFILE CHECKSUM: 1b66dae606f75376c5f2135a8290850eeb09ae83

COCOAPODS: 1.9.0
